lockfileVersion: '9.0'

settings:
  autoInstallPeers: true
  excludeLinksFromLockfile: false

importers:

  .:
    devDependencies:
      '@harness-projects/app-harness-plugin':
        specifier: workspace:*
        version: link:apps/harness-plugin
      '@harness-projects/app-web':
        specifier: workspace:*
        version: link:apps/web
      '@harness-projects/capabilities':
        specifier: workspace:*
        version: link:packages/capabilities
      '@harness-projects/client':
        specifier: workspace:*
        version: link:packages/client
      '@harness-projects/controller':
        specifier: workspace:*
        version: link:packages/controller
      '@harness-projects/core':
        specifier: workspace:*
        version: link:packages/core
      '@harness-projects/domain':
        specifier: workspace:*
        version: link:packages/domain
      '@harness-projects/provider-delivery-github-actions':
        specifier: workspace:*
        version: link:packages/providers/delivery-github-actions
      '@harness-projects/provider-development-github':
        specifier: workspace:*
        version: link:packages/providers/development-github
      '@harness-projects/provider-development-local-git':
        specifier: workspace:*
        version: link:packages/providers/development-local-git
      '@harness-projects/provider-execution-harness':
        specifier: workspace:*
        version: link:packages/providers/execution-harness
      '@harness-projects/provider-execution-human':
        specifier: workspace:*
        version: link:packages/providers/execution-human
      '@harness-projects/provider-planning-github-projects':
        specifier: workspace:*
        version: link:packages/providers/planning-github-projects
      '@harness-projects/provider-planning-local':
        specifier: workspace:*
        version: link:packages/providers/planning-local
      '@harness-projects/storage-sqlite':
        specifier: workspace:*
        version: link:packages/storage/sqlite
      '@harness-projects/ui':
        specifier: workspace:*
        version: link:packages/ui
      '@harness-projects/ui-model':
        specifier: workspace:*
        version: link:packages/ui-model
      '@types/node':
        specifier: ^24.10.1
        version: 24.13.5
      typescript:
        specifier: ^5.9.3
        version: 5.9.3
      yaml:
        specifier: ^2.9.1
        version: 2.9.1

  apps/harness-plugin:
    dependencies:
      '@harness-projects/client':
        specifier: workspace:*
        version: link:../../packages/client
      '@harness-projects/domain':
        specifier: workspace:*
        version: link:../../packages/domain
      '@harness-projects/ui':
        specifier: workspace:*
        version: link:../../packages/ui
      '@harness-projects/ui-model':
        specifier: workspace:*
        version: link:../../packages/ui-model

  apps/web:
    dependencies:
      '@harness-projects/client':
        specifier: workspace:*
        version: link:../../packages/client
      '@harness-projects/domain':
        specifier: workspace:*
        version: link:../../packages/domain
      '@harness-projects/ui':
        specifier: workspace:*
        version: link:../../packages/ui
      '@harness-projects/ui-model':
        specifier: workspace:*
        version: link:../../packages/ui-model

  packages/capabilities:
    dependencies:
      '@harness-projects/domain':
        specifier: workspace:*
        version: link:../domain

  packages/client:
    dependencies:
      '@harness-projects/controller':
        specifier: workspace:*
        version: link:../controller
      '@harness-projects/domain':
        specifier: workspace:*
        version: link:../domain

  packages/controller:
    dependencies:
      '@harness-projects/capabilities':
        specifier: workspace:*
        version: link:../capabilities
      '@harness-projects/core':
        specifier: workspace:*
        version: link:../core
      '@harness-projects/domain':
        specifier: workspace:*
        version: link:../domain

  packages/core:
    dependencies:
      '@harness-projects/capabilities':
        specifier: workspace:*
        version: link:../capabilities
      '@harness-projects/domain':
        specifier: workspace:*
        version: link:../domain

  packages/domain: {}

  packages/providers/delivery-github-actions:
    dependencies:
      '@harness-projects/capabilities':
        specifier: workspace:*
        version: link:../../capabilities
      '@harness-projects/domain':
        specifier: workspace:*
        version: link:../../domain

  packages/providers/development-github:
    dependencies:
      '@harness-projects/capabilities':
        specifier: workspace:*
        version: link:../../capabilities
      '@harness-projects/domain':
        specifier: workspace:*
        version: link:../../domain

  packages/providers/development-local-git:
    dependencies:
      '@harness-projects/capabilities':
        specifier: workspace:*
        version: link:../../capabilities
      '@harness-projects/domain':
        specifier: workspace:*
        version: link:../../domain

  packages/providers/execution-harness:
    dependencies:
      '@harness-projects/capabilities':
        specifier: workspace:*
        version: link:../../capabilities
      '@harness-projects/domain':
        specifier: workspace:*
        version: link:../../domain

  packages/providers/execution-human:
    dependencies:
      '@harness-projects/capabilities':
        specifier: workspace:*
        version: link:../../capabilities
      '@harness-projects/domain':
        specifier: workspace:*
        version: link:../../domain

  packages/providers/planning-github-projects:
    dependencies:
      '@harness-projects/capabilities':
        specifier: workspace:*
        version: link:../../capabilities
      '@harness-projects/domain':
        specifier: workspace:*
        version: link:../../domain

  packages/providers/planning-local:
    dependencies:
      '@harness-projects/capabilities':
        specifier: workspace:*
        version: link:../../capabilities
      '@harness-projects/domain':
        specifier: workspace:*
        version: link:../../domain

  packages/storage/sqlite:
    dependencies:
      '@harness-projects/capabilities':
        specifier: workspace:*
        version: link:../../capabilities
      '@harness-projects/domain':
        specifier: workspace:*
        version: link:../../domain

  packages/ui:
    dependencies:
      '@harness-projects/client':
        specifier: workspace:*
        version: link:../client
      '@harness-projects/domain':
        specifier: workspace:*
        version: link:../domain
      '@harness-projects/ui-model':
        specifier: workspace:*
        version: link:../ui-model

  packages/ui-model:
    dependencies:
      '@harness-projects/client':
        specifier: workspace:*
        version: link:../client
      '@harness-projects/domain':
        specifier: workspace:*
        version: link:../domain

packages:

  '@types/node@24.13.5':
    resolution: {integrity: sha512-TXyindR+lBr22aJIdMQzCFHPHR6cR4js838mRDCSz5hOKWZvZwsXSSiXDmjRj4iJmgl+sR9O+1mkoVBSMadNug==}

  typescript@5.9.3:
    resolution: {integrity: sha512-jl1vZzPDinLr9eUt3J/t7V6FgNEw9QjvBPdysz9KfQDD41fQrC2Y4vKQdiaUpFT4bXlb1RHhLpp8wtm6M5TgSw==}
    engines: {node: '>=14.17'}
    hasBin: true

  undici-types@7.18.2:
    resolution: {integrity: sha512-AsuCzffGHJybSaRrmr5eHr81mwJU3kjw6M+uprWvCXiNeN9SOGwQ3Jn8jb8m3Z6izVgknn1R0FTCEAP2QrLY/w==}

  yaml@2.9.1:
    resolution: {integrity: sha512-3NxN8+78OdzbT7C/WjGsyfPAtJaN3FNDsWxv7Y7mcDsT/oOmgW8BpyQQFFBnvZE3j9Y2Sdz1ULFLezL7Eb2yFw==}
    engines: {node: '>= 14.6'}
    hasBin: true

snapshots:

  '@types/node@24.13.5':
    dependencies:
      undici-types: 7.18.2

  typescript@5.9.3: {}

  undici-types@7.18.2: {}

  yaml@2.9.1: {}
